# This file is automatically @generated by Cargo.
# It is not intended for manual editing.
version = 4

[[package]]
name = "adler2"
version = "2.0.1"
source = "registry+https://github.com/rust-lang/crates.io-index"
checksum = "320119579fcad9c21884f5c4861d16174d0e06250625266f50fe6898340abefa"

[[package]]
name = "aho-corasick"
version = "1.1.5"
source = "registry+https://github.com/rust-lang/crates.io-index"
checksum = "c982642fa9e8606056828ee9a8505737230110bb1099153c79efe865c59d12ba"
dependencies = [
 "memchr",
]

[[package]]
name = "arbitrary"
version = "1.4.2"
source = "registry+https://github.com/rust-lang/crates.io-index"
checksum = "c3d036a3c4ab069c7b410a2ce876bd74808d2d0888a82667669f8e783a898bf1"
dependencies = [
 "derive_arbitrary",
]

[[package]]
name = "autocfg"
version = "1.5.1"
source = "registry+https://github.com/rust-lang/crates.io-index"
checksum = "f2032f911046de80f0a198e0901378627c33f59ea0ac00e363d481118bd70a53"

[[package]]
name = "bigtools"
version = "0.5.8"
source = "registry+https://github.com/rust-lang/crates.io-index"
checksum = "af1b9bbf6596d602e472a23ed5aa5d611fb04f14e7772226fb61c720e806202e"
dependencies = [
 "bincode",
 "byteorder",
 "byteordered",
 "bytes",
 "crossbeam-channel",
 "crossbeam-utils",
 "futures",
 "index_list",
 "itertools 0.10.5",
 "libdeflater",
 "serde",
 "smallvec",
 "tempfile",
 "thiserror 1.0.69",
 "tokio",
]

[[package]]
name = "bincode"
version = "1.3.3"
source = "registry+https://github.com/rust-lang/crates.io-index"
checksum = "b1f45e9417d87227c7a56d22e471c6206462cba514c7590c09aff4cf6d1ddcad"
dependencies = [
 "serde",
]

[[package]]
name = "bindgen"
version = "0.72.1"
source = "registry+https://github.com/rust-lang/crates.io-index"
checksum = "993776b509cfb49c750f11b8f07a46fa23e0a1386ffc01fb1e7d343efc387895"
dependencies = [
 "bitflags",
 "cexpr",
 "clang-sys",
 "itertools 0.13.0",
 "proc-macro2",
 "quote",
 "regex",
 "rustc-hash",
 "shlex 1.3.0",
 "syn 2.0.119",
]

[[package]]
name = "bio-types"
version = "1.0.4"
source = "registry+https://github.com/rust-lang/crates.io-index"
checksum = "f4dcf54f8b7f51450207d54780bab09c05f30b8b0caa991545082842e466ad7e"
dependencies = [
 "derive-new 0.6.0",
 "lazy_static",
 "regex",
 "strum_macros",
 "thiserror 1.0.69",
]

[[package]]
name = "bitflags"
version = "2.13.1"
source = "registry+https://github.com/rust-lang/crates.io-index"
checksum = "b588b76d00fde79687d7646a9b5bdf3cc0f655e0bbd080335a95d7e96f3587da"

[[package]]
name = "bumpalo"
version = "3.20.3"
source = "registry+https://github.com/rust-lang/crates.io-index"
checksum = "72f5acc6cb2ba439de613abc23857ec3d78374d8ed5ac84e9d11336e87da8649"

[[package]]
name = "byteorder"
version = "1.5.0"
source = "registry+https://github.com/rust-lang/crates.io-index"
checksum = "1fd0f2584146f6f2ef48085050886acf353beff7305ebd1ae69500e27c67f64b"

[[package]]
name = "byteordered"
version = "0.6.0"
source = "registry+https://github.com/rust-lang/crates.io-index"
checksum = "bbf2cd9424f5ff404aba1959c835cbc448ee8b689b870a9981c76c0fd46280e6"
dependencies = [
 "byteorder",
]

[[package]]
name = "bytes"
version = "1.12.1"
source = "registry+https://github.com/rust-lang/crates.io-index"
checksum = "fc652a48c352aef3ea3aed32080501cf3ef6ed5da78602a020c991775b0aff04"

[[package]]
name = "bzip2-sys"
version = "0.1.13+1.0.8"
source = "registry+https://github.com/rust-lang/crates.io-index"
checksum = "225bff33b2141874fe80d71e07d6eec4f85c5c216453dd96388240f96e1acc14"
dependencies = [
 "cc",
 "pkg-config",
]

[[package]]
name = "cc"
version = "1.4.5"
source = "registry+https://github.com/rust-lang/crates.io-index"
checksum = "005ec2760ca554fae18df7a11195552ec576cd665632a881bc011d5bb2fd4d80"
dependencies = [
 "find-msvc-tools",
 "jobserver",
 "libc",
 "shlex 2.0.1",
]

[[package]]
name = "cexpr"
version = "0.6.0"
source = "registry+https://github.com/rust-lang/crates.io-index"
checksum = "6fac387a98bb7c37292057cffc56d62ecb629900026402633ae9160df93a8766"
dependencies = [
 "nom",
]

[[package]]
name = "cfg-if"
version = "1.0.4"
source = "registry+https://github.com/rust-lang/crates.io-index"
checksum = "9330f8b2ff13f34540b44e946ef35111825727b38d33286ef986142615121801"

[[package]]
name = "clang-sys"
version = "1.9.1"
source = "registry+https://github.com/rust-lang/crates.io-index"
checksum = "157a8ba7b480713b56f4c09fd13fc3e0a22a5dfab8097ba61cbc5feef950788a"
dependencies = [
 "glob",
 "libc",
 "libloading",
]

[[package]]
name = "cmake"
version = "0.1.58"
source = "registry+https://github.com/rust-lang/crates.io-index"
checksum = "c0f78a02292a74a88ac736019ab962ece0bc380e3f977bf72e376c5d78ff0678"
dependencies = [
 "cc",
]

[[package]]
name = "crc32fast"
version = "1.5.1"
source = "registry+https://github.com/rust-lang/crates.io-index"
checksum = "8498c871161e1742aaa9d52551b2d6ebdd4c3d45a3be423e3728f33b955be550"
dependencies = [
 "cfg-if",
]

[[package]]
name = "crossbeam-channel"
version = "0.5.16"
source = "registry+https://github.com/rust-lang/crates.io-index"
checksum = "d85363c37faeca707aef026efa9f3b34d077bce547e48f770770625c6013679e"
dependencies = [
 "crossbeam-utils",
]

[[package]]
name = "crossbeam-deque"
version = "0.8.7"
source = "registry+https://github.com/rust-lang/crates.io-index"
checksum = "5181e0de7b61eb03a81e347d6dd8797bae9da5146707b51077e2d71a54ec0ceb"
dependencies = [
 "crossbeam-epoch",
 "crossbeam-utils",
]

[[package]]
name = "crossbeam-epoch"
version = "0.9.20"
source = "registry+https://github.com/rust-lang/crates.io-index"
checksum = "2d6914041f254d6e9176c01941b21115dcfb7089e55135a35411081bd106ef3f"
dependencies = [
 "crossbeam-utils",
]

[[package]]
name = "crossbeam-utils"
version = "0.8.22"
source = "registry+https://github.com/rust-lang/crates.io-index"
checksum = "61803da095bee82a81bb1a452ecc25d3b2f1416d1897eb86430c6159ef717c17"

[[package]]
name = "curl-sys"
version = "0.4.90+curl-8.21.0"
source = "registry+https://github.com/rust-lang/crates.io-index"
checksum = "97799a0d220bfb3361e0fe4936966ff8c4b24d65c3f06dfc70d7b680b44e7897"
dependencies = [
 "cc",
 "libc",
 "libz-sys",
 "openssl-sys",
 "pkg-config",
 "vcpkg",
 "windows-sys",
]

[[package]]
name = "custom_derive"
version = "0.1.7"
source = "registry+https://github.com/rust-lang/crates.io-index"
checksum = "ef8ae57c4978a2acd8b869ce6b9ca1dfe817bff704c220209fdef2c0b75a01b9"

[[package]]
name = "derive-new"
version = "0.6.0"
source = "registry+https://github.com/rust-lang/crates.io-index"
checksum = "d150dea618e920167e5973d70ae6ece4385b7164e0d799fe7c122dd0a5d912ad"
dependencies = [
 "proc-macro2",
 "quote",
 "syn 2.0.119",
]

[[package]]
name = "derive-new"
version = "0.7.0"
source = "registry+https://github.com/rust-lang/crates.io-index"
checksum = "2cdc8d50f426189eef89dac62fabfa0abb27d5cc008f25bf4156a0203325becc"
dependencies = [
 "proc-macro2",
 "quote",
 "syn 2.0.119",
]

[[package]]
name = "derive_arbitrary"
version = "1.4.2"
source = "registry+https://github.com/rust-lang/crates.io-index"
checksum = "1e567bd82dcff979e4b03460c307b3cdc9e96fde3d73bed1496d2bc75d9dd62a"
dependencies = [
 "proc-macro2",
 "quote",
 "syn 2.0.119",
]

[[package]]
name = "displaydoc"
version = "0.2.7"
source = "registry+https://github.com/rust-lang/crates.io-index"
checksum = "c6232dd377dcc64799954cbd3a9bb882e9cdc1308ccd87b1c098f1fb2eaf82a8"
dependencies = [
 "proc-macro2",
 "quote",
 "syn 3.0.5",
]

[[package]]
name = "either"
version = "1.18.0"
source = "registry+https://github.com/rust-lang/crates.io-index"
checksum = "252afb9ae5eaa683babdc6a068b3f5726eb19e05070c731f9b2a23a7c3e8ed34"

[[package]]
name = "equivalent"
version = "1.0.2"
source = "registry+https://github.com/rust-lang/crates.io-index"
checksum = "877a4ace8713b0bcf2a4e7eec82529c029f1d0619886d18145fea96c3ffe5c0f"

[[package]]
name = "errno"
version = "0.3.14"
source = "registry+https://github.com/rust-lang/crates.io-index"
checksum = "39cab71617ae0d63f51a36d69f866391735b51691dbda63cf6f96d042b63efeb"
dependencies = [
 "libc",
 "windows-sys",
]

[[package]]
name = "fastrand"
version = "2.5.0"
source = "registry+https://github.com/rust-lang/crates.io-index"
checksum = "da7c62ceae207dd37ea5b845da6a0696c799f85e97da1ab5b7910be3c1c80223"

[[package]]
name = "find-msvc-tools"
version = "0.1.12"
source = "registry+https://github.com/rust-lang/crates.io-index"
checksum = "3e0f1c7c3a72c66fd80abe965175f7523475c0489a87d3ff9d6e8c87d87a9d2d"

[[package]]
name = "flate2"
version = "1.1.10"
source = "registry+https://github.com/rust-lang/crates.io-index"
checksum = "6e634e2e0ebac1ee034020da1ca582e17ffe4e0f5e985823721e168928136dcb"
dependencies = [
 "crc32fast",
 "miniz_oxide",
 "zlib-rs",
]

[[package]]
name = "form_urlencoded"
version = "1.2.2"
source = "registry+https://github.com/rust-lang/crates.io-index"
checksum = "cb4cb245038516f5f85277875cdaa4f7d2c9a0fa0468de06ed190163b1581fcf"
dependencies = [
 "percent-encoding",
]

[[package]]
name = "fs-utils"
version = "1.1.4"
source = "registry+https://github.com/rust-lang/crates.io-index"
checksum = "6fc7a9dc005c944c98a935e7fd626faf5bf7e5a609f94bc13e42fc4a02e52593"
dependencies = [
 "quick-error",
]

[[package]]
name = "futures"
version = "0.3.34"
source = "registry+https://github.com/rust-lang/crates.io-index"
checksum = "9a31d2a3fbaaeb2af2368bbdd904aa8e812d3c04a1ee10d3171f52d556e5d0a3"
dependencies = [
 "futures-channel",
 "futures-core",
 "futures-executor",
 "futures-io",
 "futures-sink",
 "futures-task",
 "futures-util",
]

[[package]]
name = "futures-channel"
version = "0.3.34"
source = "registry+https://github.com/rust-lang/crates.io-index"
checksum = "b1f9e3d69d39e4862ffed03ed071a76f9a13ba1d9109d355b0f0aa6b15e393c4"
dependencies = [
 "futures-core",
 "futures-sink",
]

[[package]]
name = "futures-core"
version = "0.3.34"
source = "registry+https://github.com/rust-lang/crates.io-index"
checksum = "92d699e522242e69e3003b94ecc1f960f3a5e015aa7c5d7486e65ad01dd94f5e"

[[package]]
name = "futures-executor"
version = "0.3.34"
source = "registry+https://github.com/rust-lang/crates.io-index"
checksum = "031b47cf1a3c6cc8bc2fc76cd437f521619387907d469316e7c0bc278f1f5432"
dependencies = [
 "futures-core",
 "futures-task",
 "futures-util",
]

[[package]]
name = "futures-io"
version = "0.3.34"
source = "registry+https://github.com/rust-lang/crates.io-index"
checksum = "53c0fa8157de1303bfffdaa1cc2a673bfffb60102f76b0ef4441659124373fed"

[[package]]
name = "futures-macro"
version = "0.3.34"
source = "registry+https://github.com/rust-lang/crates.io-index"
checksum = "9fb9654ba8355388abeb8dcb4fc62f511300867002afc858860463bdd9fe0c44"
dependencies = [
 "proc-macro2",
 "quote",
 "syn 3.0.5",
]

[[package]]
name = "futures-sink"
version = "0.3.34"
source = "registry+https://github.com/rust-lang/crates.io-index"
checksum = "1944426bf7d03f1d14f708785e4b33efd750b36d48a157b836b3efc15ede8e1d"

[[package]]
name = "futures-task"
version = "0.3.34"
source = "registry+https://github.com/rust-lang/crates.io-index"
checksum = "cd417de3d1d015fc3bfd2b1ea46dfc7bab72ef86f1cc7cc9c78e728b34a6d1fd"

[[package]]
name = "futures-util"
version = "0.3.34"
source = "registry+https://github.com/rust-lang/crates.io-index"
checksum = "0d50a92467f8ba5dd6e3ee5d4bd04d73ab2e4e1c44474a0674821dfce14b79bc"
dependencies = [
 "futures-channel",
 "futures-core",
 "futures-io",
 "futures-macro",
 "futures-sink",
 "futures-task",
 "memchr",
 "pin-project-lite",
 "slab",
]

[[package]]
name = "getrandom"
version = "0.4.3"
source = "registry+https://github.com/rust-lang/crates.io-index"
checksum = "300e883d756b2e4ec94e02791f39b04b522276138852cfc41d9fb7e904106099"
dependencies = [
 "cfg-if",
 "libc",
 "r-efi",
]

[[package]]
name = "glob"
version = "0.3.4"
source = "registry+https://github.com/rust-lang/crates.io-index"
checksum = "e4eba85ea1d0a966a983acd07deee566e67395d2d96b6fb39e62b5a833f1eb0b"

[[package]]
name = "hashbrown"
version = "0.17.1"
source = "registry+https://github.com/rust-lang/crates.io-index"
checksum = "ed5909b6e89a2db4456e54cd5f673791d7eca6732202bbf2a9cc504fe2f9b84a"

[[package]]
name = "heck"
version = "0.5.0"
source = "registry+https://github.com/rust-lang/crates.io-index"
checksum = "2304e00983f87ffb38b55b444b5e3b60a884b5d30c0fca7d82fe33449bbe55ea"

[[package]]
name = "hp"
version = "0.1.0"
dependencies = [
 "bigtools",
 "flate2",
 "itertools 0.15.0",
 "ndarray",
 "ndarray-npy",
 "openssl-sys",
 "pyo3",
 "rayon",
 "rust-htslib",
 "tempfile",
 "tokio",
]

[[package]]
name = "hts-sys"
version = "2.2.1"
source = "registry+https://github.com/rust-lang/crates.io-index"
checksum = "fc7e68eb880b02c80cfb41e8dc7904062a3ea7e27b7c4556e88d648dd2f038da"
dependencies = [
 "bindgen",
 "bzip2-sys",
 "cc",
 "curl-sys",
 "fs-utils",
 "glob",
 "libz-sys",
 "lzma-sys",
 "openssl-sys",
]

[[package]]
name = "icu_collections"
version = "2.2.0"
source = "registry+https://github.com/rust-lang/crates.io-index"
checksum = "2984d1cd16c883d7935b9e07e44071dca8d917fd52ecc02c04d5fa0b5a3f191c"
dependencies = [
 "displaydoc",
 "potential_utf",
 "utf8_iter",
 "yoke",
 "zerofrom",
 "zerovec",
]

[[package]]
name = "icu_locale_core"
version = "2.2.0"
source = "registry+https://github.com/rust-lang/crates.io-index"
checksum = "92219b62b3e2b4d88ac5119f8904c10f8f61bf7e95b640d25ba3075e6cac2c29"
dependencies = [
 "displaydoc",
 "litemap",
 "tinystr",
 "writeable",
 "zerovec",
]

[[package]]
name = "icu_normalizer"
version = "2.2.0"
source = "registry+https://github.com/rust-lang/crates.io-index"
checksum = "c56e5ee99d6e3d33bd91c5d85458b6005a22140021cc324cea84dd0e72cff3b4"
dependencies = [
 "icu_collections",
 "icu_normalizer_data",
 "icu_properties",
 "icu_provider",
 "smallvec",
 "zerovec",
]

[[package]]
name = "icu_normalizer_data"
version = "2.2.0"
source = "registry+https://github.com/rust-lang/crates.io-index"
checksum = "da3be0ae77ea334f4da67c12f149704f19f81d1adf7c51cf482943e84a2bad38"

[[package]]
name = "icu_properties"
version = "2.2.0"
source = "registry+https://github.com/rust-lang/crates.io-index"
checksum = "bee3b67d0ea5c2cca5003417989af8996f8604e34fb9ddf96208a033901e70de"
dependencies = [
 "icu_collections",
 "icu_locale_core",
 "icu_properties_data",
 "icu_provider",
 "zerotrie",
 "zerovec",
]

[[package]]
name = "icu_properties_data"
version = "2.2.0"
source = "registry+https://github.com/rust-lang/crates.io-index"
checksum = "8e2bbb201e0c04f7b4b3e14382af113e17ba4f63e2c9d2ee626b720cbce54a14"

[[package]]
name = "icu_provider"
version = "2.2.0"
source = "registry+https://github.com/rust-lang/crates.io-index"
checksum = "139c4cf31c8b5f33d7e199446eff9c1e02decfc2f0eec2c8d71f65befa45b421"
dependencies = [
 "displaydoc",
 "icu_locale_core",
 "writeable",
 "yoke",
 "zerofrom",
 "zerotrie",
 "zerovec",
]

[[package]]
name = "idna"
version = "1.1.0"
source = "registry+https://github.com/rust-lang/crates.io-index"
checksum = "3b0875f23caa03898994f6ddc501886a45c7d3d62d04d2d90788d47be1b1e4de"
dependencies = [
 "idna_adapter",
 "smallvec",
 "utf8_iter",
]

[[package]]
name = "idna_adapter"
version = "1.2.2"
source = "registry+https://github.com/rust-lang/crates.io-index"
checksum = "cb68373c0d6620ef8105e855e7745e18b0d00d3bdb07fb532e434244cdb9a714"
dependencies = [
 "icu_normalizer",
 "icu_properties",
]

[[package]]
name = "ieee754"
version = "0.2.6"
source = "registry+https://github.com/rust-lang/crates.io-index"
checksum = "9007da9cacbd3e6343da136e98b0d2df013f553d35bdec8b518f07bea768e19c"

[[package]]
name = "index_list"
version = "0.2.17"
source = "registry+https://github.com/rust-lang/crates.io-index"
checksum = "30141a73bc8a129ac1ce472e33f45af3e2091d86b3479061b9c2f92fdbe9a28c"

[[package]]
name = "indexmap"
version = "2.14.2"
source = "registry+https://github.com/rust-lang/crates.io-index"
checksum = "cc4e190f5d26ca7051642629da2c52fc03bde85a03197c99408dcd291734c855"
dependencies = [
 "equivalent",
 "hashbrown",
]

[[package]]
name = "itertools"
version = "0.10.5"
source = "registry+https://github.com/rust-lang/crates.io-index"
checksum = "b0fd2260e829bddf4cb6ea802289de2f86d6a7a690192fbe91b3f46e0f2c8473"
dependencies = [
 "either",
]

[[package]]
name = "itertools"
version = "0.13.0"
source = "registry+https://github.com/rust-lang/crates.io-index"
checksum = "413ee7dfc52ee1a4949ceeb7dbc8a33f2d6c088194d9f922fb8318faf1f01186"
dependencies = [
 "either",
]

[[package]]
name = "itertools"
version = "0.15.0"
source = "registry+https://github.com/rust-lang/crates.io-index"
checksum = "8b4baf93f58d4425749ca49a51c50ebab072c5df6994d08fed93541c331481dc"
dependencies = [
 "either",
]

[[package]]
name = "jobserver"
version = "0.1.35"
source = "registry+https://github.com/rust-lang/crates.io-index"
checksum = "1c00acbd29eabad4a2392fa0e921c874934dbbf4194312ad20f04a0ed67a3cb3"
dependencies = [
 "getrandom",
 "libc",
]

[[package]]
name = "lazy_static"
version = "1.5.0"
source = "registry+https://github.com/rust-lang/crates.io-index"
checksum = "bbd2bcb4c963f2ddae06a2efc7e9f3591312473c50c6685e1f298068316e66fe"

[[package]]
name = "libc"
version = "0.2.189"
source = "registry+https://github.com/rust-lang/crates.io-index"
checksum = "3eaf3ede3fee6db1a4c2ee091bf8a8b4dccdc6d17f656fb07896ee72867612f2"

[[package]]
name = "libdeflate-sys"
version = "1.26.0"
source = "registry+https://github.com/rust-lang/crates.io-index"
checksum = "6949d73714ba8c32d2757405b89c94e427f64f078a4041debe07e1b8e9e850e9"
dependencies = [
 "cc",
]

[[package]]
name = "libdeflater"
version = "1.26.0"
source = "registry+https://github.com/rust-lang/crates.io-index"
checksum = "0b72b274104f747cb65358c918e38c6cd4a69937937a36c8ad3cfd516c9c471e"
dependencies = [
 "libdeflate-sys",
]

[[package]]
name = "libloading"
version = "0.8.9"
source = "registry+https://github.com/rust-lang/crates.io-index"
checksum = "d7c4b02199fee7c5d21a5ae7d8cfa79a6ef5bb2fc834d6e9058e89c825efdc55"
dependencies = [
 "cfg-if",
 "windows-link",
]

[[package]]
name = "libz-sys"
version = "1.1.29"
source = "registry+https://github.com/rust-lang/crates.io-index"
checksum = "85bc9657773828b90eeb625adff10eeac83cc21bbfd8e23a03eaa8a33c9e28d9"
dependencies = [
 "cc",
 "cmake",
 "libc",
 "pkg-config",
 "vcpkg",
]

[[package]]
name = "linear-map"
version = "1.2.0"
source = "registry+https://github.com/rust-lang/crates.io-index"
checksum = "bfae20f6b19ad527b550c223fddc3077a547fc70cda94b9b566575423fd303ee"

[[package]]
name = "linux-raw-sys"
version = "0.12.1"
source = "registry+https://github.com/rust-lang/crates.io-index"
checksum = "32a66949e030da00e8c7d4434b251670a91556f4144941d37452769c25d58a53"

[[package]]
name = "litemap"
version = "0.8.3"
source = "registry+https://github.com/rust-lang/crates.io-index"
checksum = "47d9d19d1d6efa0109d2f65ff4c85cddd50bd572e5a00127ab10987290bcefae"

[[package]]
name = "log"
version = "0.4.34"
source = "registry+https://github.com/rust-lang/crates.io-index"
checksum = "f9f8bd3e56ce4dfc153cf470fffbfa98c7620958b312ca5c3a4b8d5181fd13c6"

[[package]]
name = "lzma-sys"
version = "0.1.20"
source = "registry+https://github.com/rust-lang/crates.io-index"
checksum = "5fda04ab3764e6cde78b9974eec4f779acaba7c4e84b36eca3cf77c581b85d27"
dependencies = [
 "cc",
 "libc",
 "pkg-config",
]

[[package]]
name = "matrixmultiply"
version = "0.3.11"
source = "registry+https://github.com/rust-lang/crates.io-index"
checksum = "3f607c237553f086e7043417a51df26b2eb899d3caff94e6a67592ff992fedc7"
dependencies = [
 "autocfg",
 "rawpointer",
]

[[package]]
name = "memchr"
version = "2.8.3"
source = "registry+https://github.com/rust-lang/crates.io-index"
checksum = "cf8baf1c55e62ffcace7a9f06f4bd9cd3f0c4beb022d3b367256b91b87513d98"

[[package]]
name = "minimal-lexical"
version = "0.2.1"
source = "registry+https://github.com/rust-lang/crates.io-index"
checksum = "68354c5c6bd36d73ff3feceb05efa59b6acb7626617f4962be322a825e61f79a"

[[package]]
name = "miniz_oxide"
version = "0.9.1"
source = "registry+https://github.com/rust-lang/crates.io-index"
checksum = "b63fbc4a50860e98e7b2aa7804ded1db5cbc3aff9193adaff57a6931bf7c4b4c"
dependencies = [
 "adler2",
 "simd-adler32",
]

[[package]]
name = "ndarray"
version = "0.17.2"
source = "registry+https://github.com/rust-lang/crates.io-index"
checksum = "520080814a7a6b4a6e9070823bb24b4531daac8c4627e08ba5de8c5ef2f2752d"
dependencies = [
 "matrixmultiply",
 "num-complex",
 "num-integer",
 "num-traits",
 "portable-atomic",
 "portable-atomic-util",
 "rawpointer",
]

[[package]]
name = "ndarray-npy"
version = "0.10.0"
source = "registry+https://github.com/rust-lang/crates.io-index"
checksum = "58e8a348bca0075000d999d750420d74434fd0d3e0993b456554f885e7657a11"
dependencies = [
 "byteorder",
 "ndarray",
 "num-complex",
 "num-traits",
 "py_literal",
 "zip",
]

[[package]]
name = "newtype_derive"
version = "0.1.6"
source = "registry+https://github.com/rust-lang/crates.io-index"
checksum = "ac8cd24d9f185bb7223958d8c1ff7a961b74b1953fd05dba7cc568a63b3861ec"
dependencies = [
 "rustc_version",
]

[[package]]
name = "nom"
version = "7.1.3"
source = "registry+https://github.com/rust-lang/crates.io-index"
checksum = "d273983c5a657a70a3e8f2a01329822f3b8c8172b73826411a55751e404a0a4a"
dependencies = [
 "memchr",
 "minimal-lexical",
]

[[package]]
name = "num-bigint"
version = "0.4.8"
source = "registry+https://github.com/rust-lang/crates.io-index"
checksum = "c89e69e7e0f03bea5ef08013795c25018e101932225a656383bd384495ecc367"
dependencies = [
 "num-integer",
 "num-traits",
]

[[package]]
name = "num-complex"
version = "0.4.6"
source = "registry+https://github.com/rust-lang/crates.io-index"
checksum = "73f88a1307638156682bada9d7604135552957b7818057dcef22705b4d509495"
dependencies = [
 "num-traits",
]

[[package]]
name = "num-integer"
version = "0.1.47"
source = "registry+https://github.com/rust-lang/crates.io-index"
checksum = "7ce2d95d4b3734dc35aa2f45e1aa22cd416814592a4f9d9205e11affd5b8e10b"
dependencies = [
 "num-traits",
]

[[package]]
name = "num-traits"
version = "0.2.19"
source = "registry+https://github.com/rust-lang/crates.io-index"
checksum = "071dfc062690e90b734c0b2273ce72ad0ffa95f0c74596bc250dcfd960262841"
dependencies = [
 "autocfg",
]

[[package]]
name = "once_cell"
version = "1.21.4"
source = "registry+https://github.com/rust-lang/crates.io-index"
checksum = "9f7c3e4beb33f85d45ae3e3a1792185706c8e16d043238c593331cc7cd313b50"

[[package]]
name = "openssl-src"
version = "300.6.1+3.6.3"
source = "registry+https://github.com/rust-lang/crates.io-index"
checksum = "46eb8fb9fb3b61ce1c0f8a026c4c1a0714d3a9e138e7fbde78753ce2babc3846"
dependencies = [
 "cc",
]

[[package]]
name = "openssl-sys"
version = "0.9.117"
source = "registry+https://github.com/rust-lang/crates.io-index"
checksum = "b47e7e6bb2c38cd930d25a23b40fa52e068c10e85f3e03a7f5ba5aaca5713695"
dependencies = [
 "cc",
 "libc",
 "openssl-src",
 "pkg-config",
 "vcpkg",
]

[[package]]
name = "percent-encoding"
version = "2.3.2"
source = "registry+https://github.com/rust-lang/crates.io-index"
checksum = "9b4f627cb1b25917193a259e49bdad08f671f8d9708acfd5fe0a8c1455d87220"

[[package]]
name = "pest"
version = "2.9.0"
source = "registry+https://github.com/rust-lang/crates.io-index"
checksum = "5a07a60cc7a4d00c91f95c685609d1d2f79050e6804b70ebedd7650f0b839bcf"
dependencies = [
 "memchr",
 "ucd-trie",
]

[[package]]
name = "pest_derive"
version = "2.9.0"
source = "registry+https://github.com/rust-lang/crates.io-index"
checksum = "b3a83744a5c8455b8b3e0dc5031362780a347c878bdd11584d1a8984228cc88d"
dependencies = [
 "pest",
 "pest_generator",
]

[[package]]
name = "pest_generator"
version = "2.9.0"
source = "registry+https://github.com/rust-lang/crates.io-index"
checksum = "e0cd3451aa3de60d4b9a1e736885e4dea6b31617598026f12256ad566d63304a"
dependencies = [
 "pest",
 "pest_meta",
 "proc-macro2",
 "quote",
 "syn 2.0.119",
]

[[package]]
name = "pest_meta"
version = "2.9.0"
source = "registry+https://github.com/rust-lang/crates.io-index"
checksum = "e04d3a0849e241d7dfce834c83b1c5edc8622009e8dd51a12ba1927c32f05496"
dependencies = [
 "pest",
]

[[package]]
name = "pin-project-lite"
version = "0.2.17"
source = "registry+https://github.com/rust-lang/crates.io-index"
checksum = "a89322df9ebe1c1578d689c92318e070967d1042b512afbe49518723f4e6d5cd"

[[package]]
name = "pkg-config"
version = "0.3.34"
source = "registry+https://github.com/rust-lang/crates.io-index"
checksum = "f6b464fbc74e149a392436b17d523f769e057cb6877f6a5c4618bc6f11800548"

[[package]]
name = "portable-atomic"
version = "1.15.0"
source = "registry+https://github.com/rust-lang/crates.io-index"
checksum = "05c8b63e8d9609db387f0324918f81d68fe27748f084ef092fb35954d0539a85"

[[package]]
name = "portable-atomic-util"
version = "0.2.8"
source = "registry+https://github.com/rust-lang/crates.io-index"
checksum = "10ab3eb7f3becc3a1cbc4f2c6f20267996cfc1a6467a873763411b136a122715"
dependencies = [
 "portable-atomic",
]

[[package]]
name = "potential_utf"
version = "0.1.6"
source = "registry+https://github.com/rust-lang/crates.io-index"
checksum = "d83eb9bc6d8e5cf568e7a1101d60ee05e81ed50ea106026f3d18deeb046d7661"
dependencies = [
 "zerovec",
]

[[package]]
name = "proc-macro2"
version = "1.0.107"
source = "registry+https://github.com/rust-lang/crates.io-index"
checksum = "985e7ec9bb745e6ce6535b544d84d6cd6f7ad8bd711c398938ae983b91a766d9"
dependencies = [
 "unicode-ident",
]

[[package]]
name = "py_literal"
version = "0.4.0"
source = "registry+https://github.com/rust-lang/crates.io-index"
checksum = "102df7a3d46db9d3891f178dcc826dc270a6746277a9ae6436f8d29fd490a8e1"
dependencies = [
 "num-bigint",
 "num-complex",
 "num-traits",
 "pest",
 "pest_derive",
]

[[package]]
name = "pyo3"
version = "0.29.2"
source = "registry+https://github.com/rust-lang/crates.io-index"
checksum = "4688ddedf473e32662b9b067670129a8afb8c18e351482c70d62ba4a88171e8b"
dependencies = [
 "libc",
 "once_cell",
 "portable-atomic",
 "pyo3-build-config",
 "pyo3-ffi",
 "pyo3-macros",
]

[[package]]
name = "pyo3-build-config"
version = "0.29.2"
source = "registry+https://github.com/rust-lang/crates.io-index"
checksum = "f41027e41b4bd03f6e60f9f417fe24a6341a6bb744edd62b6f709f2a52ea30e9"
dependencies = [
 "target-lexicon",
]

[[package]]
name = "pyo3-ffi"
version = "0.29.2"
source = "registry+https://github.com/rust-lang/crates.io-index"
checksum = "e591a95526fead067432c3b3a33fc74770b87b1e04e73671090d9c2055a2b327"
dependencies = [
 "libc",
 "pyo3-build-config",
]

[[package]]
name = "pyo3-macros"
version = "0.29.2"
source = "registry+https://github.com/rust-lang/crates.io-index"
checksum = "73225868fc1cd84eef2c3c230ddb91273bf1de46aeb8a4248da76d32a0924a1c"
dependencies = [
 "proc-macro2",
 "pyo3-macros-backend",
 "quote",
 "syn 2.0.119",
]

[[package]]
name = "pyo3-macros-backend"
version = "0.29.2"
source = "registry+https://github.com/rust-lang/crates.io-index"
checksum = "571575aa3749fa6216757dd47d2a3e7ef360f329a40f0666a9fbd14889024952"
dependencies = [
 "heck",
 "proc-macro2",
 "quote",
 "syn 2.0.119",
]

[[package]]
name = "quick-error"
version = "1.2.3"
source = "registry+https://github.com/rust-lang/crates.io-index"
checksum = "a1d01941d82fa2ab50be1e79e6714289dd7cde78eba4c074bc5a4374f650dfe0"

[[package]]
name = "quote"
version = "1.0.47"
source = "registry+https://github.com/rust-lang/crates.io-index"
checksum = "1fbf4db142a473a8d80c26bbf18454ed458bf8d26c8219c331daecfdbd079001"
dependencies = [
 "proc-macro2",
]

[[package]]
name = "r-efi"
version = "6.0.0"
source = "registry+https://github.com/rust-lang/crates.io-index"
checksum = "f8dcc9c7d52a811697d2151c701e0d08956f92b0e24136cf4cf27b57a6a0d9bf"

[[package]]
name = "rawpointer"
version = "0.2.1"
source = "registry+https://github.com/rust-lang/crates.io-index"
checksum = "60a357793950651c4ed0f3f52338f53b2f809f32d83a07f72909fa13e4c6c1e3"

[[package]]
name = "rayon"
version = "1.12.0"
source = "registry+https://github.com/rust-lang/crates.io-index"
checksum = "fb39b166781f92d482534ef4b4b1b2568f42613b53e5b6c160e24cfbfa30926d"
dependencies = [
 "either",
 "rayon-core",
]

[[package]]
name = "rayon-core"
version = "1.13.0"
source = "registry+https://github.com/rust-lang/crates.io-index"
checksum = "22e18b0f0062d30d4230b2e85ff77fdfe4326feb054b9783a3460d8435c8ab91"
dependencies = [
 "crossbeam-deque",
 "crossbeam-utils",
]

[[package]]
name = "regex"
version = "1.13.1"
source = "registry+https://github.com/rust-lang/crates.io-index"
checksum = "f020237b6c8eed93db2e2cb53c00c60a8e1bc73da7d073199a1180401450218d"
dependencies = [
 "aho-corasick",
 "memchr",
 "regex-automata",
 "regex-syntax",
]

[[package]]
name = "regex-automata"
version = "0.4.18"
source = "registry+https://github.com/rust-lang/crates.io-index"
checksum = "ad8553b9b26413251cbf30e620595c7a41b3887f03da04579c0e6b0d6a06b4b2"
dependencies = [
 "aho-corasick",
 "memchr",
 "regex-syntax",
]

[[package]]
name = "regex-syntax"
version = "0.8.11"
source = "registry+https://github.com/rust-lang/crates.io-index"
checksum = "d6f6ff9a378485b298a5286656da665ba74413d36db0979633275d2e708145d4"

[[package]]
name = "rust-htslib"
version = "1.0.1"
source = "registry+https://github.com/rust-lang/crates.io-index"
checksum = "2386a28563a1c0713d7901e5c6e07732ca46a844ec8ee08cd17c631e581988ad"
dependencies = [
 "bio-types",
 "byteorder",
 "custom_derive",
 "derive-new 0.7.0",
 "hts-sys",
 "ieee754",
 "lazy_static",
 "libc",
 "libz-sys",
 "linear-map",
 "newtype_derive",
 "regex",
 "thiserror 2.0.20",
 "url",
]

[[package]]
name = "rustc-hash"
version = "2.1.3"
source = "registry+https://github.com/rust-lang/crates.io-index"
checksum = "6b1e7f9a428571be2dc5bc0505c13fb6bf936822b894ec87abf8a08a4e51742d"

[[package]]
name = "rustc_version"
version = "0.1.7"
source = "registry+https://github.com/rust-lang/crates.io-index"
checksum = "c5f5376ea5e30ce23c03eb77cbe4962b988deead10910c372b226388b594c084"
dependencies = [
 "semver",
]

[[package]]
name = "rustix"
version = "1.1.4"
source = "registry+https://github.com/rust-lang/crates.io-index"
checksum = "b6fe4565b9518b83ef4f91bb47ce29620ca828bd32cb7e408f0062e9930ba190"
dependencies = [
 "bitflags",
 "errno",
 "libc",
 "linux-raw-sys",
 "windows-sys",
]

[[package]]
name = "rustversion"
version = "1.0.23"
source = "registry+https://github.com/rust-lang/crates.io-index"
checksum = "cf54715a573b99ac80df0bc206da022bcd442c974952c7b9720069370852e21f"

[[package]]
name = "semver"
version = "0.1.20"
source = "registry+https://github.com/rust-lang/crates.io-index"
checksum = "d4f410fedcf71af0345d7607d246e7ad15faaadd49d240ee3b24e5dc21a820ac"

[[package]]
name = "serde"
version = "1.0.229"
source = "registry+https://github.com/rust-lang/crates.io-index"
checksum = "4148590afebada386688f18773da617792bf2ef03ffc1e4cbd2b1d45b023e0ba"
dependencies = [
 "serde_core",
 "serde_derive",
]

[[package]]
name = "serde_core"
version = "1.0.229"
source = "registry+https://github.com/rust-lang/crates.io-index"
checksum = "67dca2c9c51e58a4791a4b1ed58308b39c64224d349a935ab5039aa360942a48"
dependencies = [
 "serde_derive",
]

[[package]]
name = "serde_derive"
version = "1.0.229"
source = "registry+https://github.com/rust-lang/crates.io-index"
checksum = "e7a5d71263a5a7d47b41f6b3f06ba276f10cc18b0931f1799f710578e2309348"
dependencies = [
 "proc-macro2",
 "quote",
 "syn 3.0.5",
]

[[package]]
name = "shlex"
version = "1.3.0"
source = "registry+https://github.com/rust-lang/crates.io-index"
checksum = "0fda2ff0d084019ba4d7c6f371c95d8fd75ce3524c3cb8fb653a3023f6323e64"

[[package]]
name = "shlex"
version = "2.0.1"
source = "registry+https://github.com/rust-lang/crates.io-index"
checksum = "f8fadd59c855ef2080decdef8ff161eb6661b86933c9d82e5ba29dc602a55aba"

[[package]]
name = "simd-adler32"
version = "0.3.10"
source = "registry+https://github.com/rust-lang/crates.io-index"
checksum = "3a219298ac11a56ea9a6d2120044824d6f01aeb034955e7af7bc16858527deea"

[[package]]
name = "slab"
version = "0.4.12"
source = "registry+https://github.com/rust-lang/crates.io-index"
checksum = "0c790de23124f9ab44544d7ac05d60440adc586479ce501c1d6d7da3cd8c9cf5"

[[package]]
name = "smallvec"
version = "1.16.0"
source = "registry+https://github.com/rust-lang/crates.io-index"
checksum = "b9be42f50aa861c555654aa3a37f52f4b1074bacf4e48fe0ef7fa584e80f1f0f"

[[package]]
name = "stable_deref_trait"
version = "1.2.1"
source = "registry+https://github.com/rust-lang/crates.io-index"
checksum = "6ce2be8dc25455e1f91df71bfa12ad37d7af1092ae736f3a6cd0e37bc7810596"

[[package]]
name = "strum_macros"
version = "0.26.4"
source = "registry+https://github.com/rust-lang/crates.io-index"
checksum = "4c6bee85a5a24955dc440386795aa378cd9cf82acd5f764469152d2270e581be"
dependencies = [
 "heck",
 "proc-macro2",
 "quote",
 "rustversion",
 "syn 2.0.119",
]

[[package]]
name = "syn"
version = "2.0.119"
source = "registry+https://github.com/rust-lang/crates.io-index"
checksum = "872831b642d1a07999a962a351ed35b955ea2cfc8f3862091e2a240a84f17297"
dependencies = [
 "proc-macro2",
 "quote",
 "unicode-ident",
]

[[package]]
name = "syn"
version = "3.0.5"
source = "registry+https://github.com/rust-lang/crates.io-index"
checksum = "12df2e0110f65b775f769bb17ef989067a1d931b2eb822bd4346631eeada89f9"
dependencies = [
 "proc-macro2",
 "quote",
 "unicode-ident",
]

[[package]]
name = "synstructure"
version = "0.13.2"
source = "registry+https://github.com/rust-lang/crates.io-index"
checksum = "728a70f3dbaf5bab7f0c4b1ac8d7ae5ea60a4b5549c8a5914361c99147a709d2"
dependencies = [
 "proc-macro2",
 "quote",
 "syn 2.0.119",
]

[[package]]
name = "target-lexicon"
version = "0.13.5"
source = "registry+https://github.com/rust-lang/crates.io-index"
checksum = "adb6935a6f5c20170eeceb1a3835a49e12e19d792f6dd344ccc76a985ca5a6ca"

[[package]]
name = "tempfile"
version = "3.27.0"
source = "registry+https://github.com/rust-lang/crates.io-index"
checksum = "32497e9a4c7b38532efcdebeef879707aa9f794296a4f0244f6f69e9bc8574bd"
dependencies = [
 "fastrand",
 "getrandom",
 "once_cell",
 "rustix",
 "windows-sys",
]

[[package]]
name = "thiserror"
version = "1.0.69"
source = "registry+https://github.com/rust-lang/crates.io-index"
checksum = "b6aaf5339b578ea85b50e080feb250a3e8ae8cfcdff9a461c9ec2904bc923f52"
dependencies = [
 "thiserror-impl 1.0.69",
]

[[package]]
name = "thiserror"
version = "2.0.20"
source = "registry+https://github.com/rust-lang/crates.io-index"
checksum = "ec86235f5fcc2a73650310756d2ac5b138a5780bbbdfae3eeccec992c435ba4f"
dependencies = [
 "thiserror-impl 2.0.20",
]

[[package]]
name = "thiserror-impl"
version = "1.0.69"
source = "registry+https://github.com/rust-lang/crates.io-index"
checksum = "4fee6c4efc90059e10f81e6d42c60a18f76588c3d74cb83a0b242a2b6c7504c1"
dependencies = [
 "proc-macro2",
 "quote",
 "syn 2.0.119",
]

[[package]]
name = "thiserror-impl"
version = "2.0.20"
source = "registry+https://github.com/rust-lang/crates.io-index"
checksum = "bc04cd3e1236dd4a98afca4569f2deb3f120e5422a4023be2cb683f8486292af"
dependencies = [
 "proc-macro2",
 "quote",
 "syn 3.0.5",
]

[[package]]
name = "tinystr"
version = "0.8.4"
source = "registry+https://github.com/rust-lang/crates.io-index"
checksum = "b1e27c91459209c2986af3dcf603a5a74a4368754ce37414f59acc971167f643"
dependencies = [
 "displaydoc",
 "zerovec",
]

[[package]]
name = "tokio"
version = "1.53.1"
source = "registry+https://github.com/rust-lang/crates.io-index"
checksum = "202caea871b69668250d242070849eb495be178ed697a3e98aebce5bc81a0bed"
dependencies = [
 "pin-project-lite",
]

[[package]]
name = "ucd-trie"
version = "0.1.7"
source = "registry+https://github.com/rust-lang/crates.io-index"
checksum = "2896d95c02a80c6d6a5d6e953d479f5ddf2dfdb6a244441010e373ac0fb88971"

[[package]]
name = "unicode-ident"
version = "1.0.24"
source = "registry+https://github.com/rust-lang/crates.io-index"
checksum = "e6e4313cd5fcd3dad5cafa179702e2b244f760991f45397d14d4ebf38247da75"

[[package]]
name = "url"
version = "2.5.8"
source = "registry+https://github.com/rust-lang/crates.io-index"
checksum = "ff67a8a4397373c3ef660812acab3268222035010ab8680ec4215f38ba3d0eed"
dependencies = [
 "form_urlencoded",
 "idna",
 "percent-encoding",
 "serde",
]

[[package]]
name = "utf8_iter"
version = "1.0.4"
source = "registry+https://github.com/rust-lang/crates.io-index"
checksum = "b6c140620e7ffbb22c2dee59cafe6084a59b5ffc27a8859a5f0d494b5d52b6be"

[[package]]
name = "vcpkg"
version = "0.2.15"
source = "registry+https://github.com/rust-lang/crates.io-index"
checksum = "accd4ea62f7bb7a82fe23066fb0957d48ef677f6eeb8215f372f52e48bb32426"

[[package]]
name = "windows-link"
version = "0.2.1"
source = "registry+https://github.com/rust-lang/crates.io-index"
checksum = "f0805222e57f7521d6a62e36fa9163bc891acd422f971defe97d64e70d0a4fe5"

[[package]]
name = "windows-sys"
version = "0.61.2"
source = "registry+https://github.com/rust-lang/crates.io-index"
checksum = "ae137229bcbd6cdf0f7b80a31df61766145077ddf49416a728b02cb3921ff3fc"
dependencies = [
 "windows-link",
]

[[package]]
name = "writeable"
version = "0.6.4"
source = "registry+https://github.com/rust-lang/crates.io-index"
checksum = "3ad82d2a33cdc9674dc7465672f271e096168fcdbe0f799d9e6db8c5892679dc"

[[package]]
name = "yoke"
version = "0.8.3"
source = "registry+https://github.com/rust-lang/crates.io-index"
checksum = "709fe23a0424b6a435d82152b1bd3fdfb0833487d5fa90d05d42762a9891fef5"
dependencies = [
 "stable_deref_trait",
 "yoke-derive",
 "zerofrom",
]

[[package]]
name = "yoke-derive"
version = "0.8.2"
source = "registry+https://github.com/rust-lang/crates.io-index"
checksum = "de844c262c8848816172cef550288e7dc6c7b7814b4ee56b3e1553f275f1858e"
dependencies = [
 "proc-macro2",
 "quote",
 "syn 2.0.119",
 "synstructure",
]

[[package]]
name = "zerofrom"
version = "0.1.8"
source = "registry+https://github.com/rust-lang/crates.io-index"
checksum = "0ec05a11813ea801ff6d75110ad09cd0824ddba17dfe17128ea0d5f68e6c5272"
dependencies = [
 "zerofrom-derive",
]

[[package]]
name = "zerofrom-derive"
version = "0.1.7"
source = "registry+https://github.com/rust-lang/crates.io-index"
checksum = "11532158c46691caf0f2593ea8358fed6bbf68a0315e80aae9bd41fbade684a1"
dependencies = [
 "proc-macro2",
 "quote",
 "syn 2.0.119",
 "synstructure",
]

[[package]]
name = "zerotrie"
version = "0.2.5"
source = "registry+https://github.com/rust-lang/crates.io-index"
checksum = "4ea269c3bd32f0a32c321907a2ae912ba6f4649bb0fc764a15627e99a7095a3f"
dependencies = [
 "displaydoc",
 "yoke",
 "zerofrom",
]

[[package]]
name = "zerovec"
version = "0.11.8"
source = "registry+https://github.com/rust-lang/crates.io-index"
checksum = "bb0464e17806c1d976d5cba29399c7f08e516e279e2ba493f63123b5fca67dd8"
dependencies = [
 "yoke",
 "zerofrom",
 "zerovec-derive",
]

[[package]]
name = "zerovec-derive"
version = "0.11.6"
source = "registry+https://github.com/rust-lang/crates.io-index"
checksum = "34df6fc39dbd26ddc9c10e6a2984476e13acce22e64e4487636ef494369225da"
dependencies = [
 "proc-macro2",
 "quote",
 "syn 3.0.5",
]

[[package]]
name = "zip"
version = "6.0.0"
source = "registry+https://github.com/rust-lang/crates.io-index"
checksum = "eb2a05c7c36fde6c09b08576c9f7fb4cda705990f73b58fe011abf7dfb24168b"
dependencies = [
 "arbitrary",
 "crc32fast",
 "flate2",
 "indexmap",
 "memchr",
 "zopfli",
]

[[package]]
name = "zlib-rs"
version = "0.6.7"
source = "registry+https://github.com/rust-lang/crates.io-index"
checksum = "34b31d188d9d685a4f9c7b46d6e36631b07058d2cfe190267adce54dc230bf12"

[[package]]
name = "zopfli"
version = "0.8.3"
source = "registry+https://github.com/rust-lang/crates.io-index"
checksum = "f05cd8797d63865425ff89b5c4a48804f35ba0ce8d125800027ad6017d2b5249"
dependencies = [
 "bumpalo",
 "crc32fast",
 "log",
 "simd-adler32",
]
